<?xml version="1.0" encoding="utf-8"?>
<Project ToolsVersion="4.0" xmlns="http://schemas.microsoft.com/developer/msbuild/2003">
  <ItemGroup>
    <ClCompile Include="GameManager.cpp">
      <Filter>Source Files</Filter>
    </ClCompile>
    <ClCompile Include="Tile.cpp">
      <Filter>Source Files</Filter>
    </ClCompile>
    <ClCompile Include="PelinNoise.cpp">
      <Filter>Source Files</Filter>
    </ClCompile>
    <ClCompile Include="IslandGen.cpp">
      <Filter>Source Files</Filter>
    </ClCompile>
    <ClCompile Include="other\zlib\adler32.c">
      <Filter>Other</Filter>
    </ClCompile>
    <ClCompile Include="other\zlib\compress.c">
      <Filter>Other</Filter>
    </ClCompile>
    <ClCompile Include="other\zlib\crc32.c">
      <Filter>Other</Filter>
    </ClCompile>
    <ClCompile Include="other\zlib\deflate.c">
      <Filter>Other</Filter>
    </ClCompile>
    <ClCompile Include="other\zlib\gzclose.c">
      <Filter>Other</Filter>
    </ClCompile>
    <ClCompile Include="other\zlib\gzlib.c">
      <Filter>Other</Filter>
    </ClCompile>
    <ClCompile Include="other\zlib\gzread.c">
      <Filter>Other</Filter>
    </ClCompile>
    <ClCompile Include="other\zlib\gzwrite.c">
      <Filter>Other</Filter>
    </ClCompile>
    <ClCompile Include="other\zlib\infback.c">
      <Filter>Other</Filter>
    </ClCompile>
    <ClCompile Include="other\zlib\inffast.c">
      <Filter>Other</Filter>
    </ClCompile>
    <ClCompile Include="other\zlib\inflate.c">
      <Filter>Other</Filter>
    </ClCompile>
    <ClCompile Include="other\zlib\inftrees.c">
      <Filter>Other</Filter>
    </ClCompile>
    <ClCompile Include="other\zlib\trees.c">
      <Filter>Other</Filter>
    </ClCompile>
    <ClCompile Include="other\zlib\uncompr.c">
      <Filter>Other</Filter>
    </ClCompile>
    <ClCompile Include="other\zlib\zutil.c">
      <Filter>Other</Filter>
    </ClCompile>
    <ClCompile Include="other\base64.cpp">
      <Filter>Other</Filter>
    </ClCompile>
  </ItemGroup>
  <ItemGroup>
    <None Include="packages.config" />
  </ItemGroup>
  <ItemGroup>
    <Filter Include="Source Files">
      <UniqueIdentifier>{3eac8fd3-4b69-436e-9cbe-6d1399b0e0e3}</UniqueIdentifier>
    </Filter>
    <Filter Include="Header Files">
      <UniqueIdentifier>{bd408f5b-cde2-4134-967e-4a4e89883f32}</UniqueIdentifier>
    </Filter>
    <Filter Include="Other">
      <UniqueIdentifier>{2c54e2ab-bc2e-4e7b-b158-df9396d963e4}</UniqueIdentifier>
    </Filter>
  </ItemGroup>
  <ItemGroup>
    <ClInclude Include="GameManager.h">
      <Filter>Header Files</Filter>
    </ClInclude>
    <ClInclude Include="Tile.h">
      <Filter>Header Files</Filter>
    </ClInclude>
    <ClInclude Include="PerlinNoise.h">
      <Filter>Header Files</Filter>
    </ClInclude>
    <ClInclude Include="IslandGen.h">
      <Filter>Header Files</Filter>
    </ClInclude>
    <ClInclude Include="stb_perlin.h">
      <Filter>Header Files</Filter>
    </ClInclude>
    <ClInclude Include="other\base64.h" />
    <ClInclude Include="other\json.hpp" />
    <ClInclude Include="other\zconf.h" />
    <ClInclude Include="other\zlib.h" />
    <ClInclude Include="other\zlib\zconf.h">
      <Filter>Other</Filter>
    </ClInclude>
    <ClInclude Include="other\zlib\zlib.h">
      <Filter>Other</Filter>
    </ClInclude>
  </ItemGroup>
  <ItemGroup>
    <Image Include="assets\Icon.png" />
  </ItemGroup>
</Project>